
Microsoft Visual Studio Solution File, Format Version 12.00
# Visual Studio Version 16
VisualStudioVersion = 16.0.31105.61
MinimumVisualStudioVersion = 10.0.40219.1
Project("{FAE04EC0-301F-11D3-BF4B-00C04F79EFBC}") = "Vista", "..\Vista\Vista.csproj", "{7ED08EA8-659E-46E3-B55A-91FCBF687F8E}"
EndProject
Project("{FAE04EC0-301F-11D3-BF4B-00C04F79EFBC}") = "Modelo", "..\Modelo\Modelo.csproj", "{C3102571-C9BF-4E6D-8533-C97B91953562}"
EndProject
Project("{FAE04EC0-301F-11D3-BF4B-00C04F79EFBC}") = "Controlador", "..\Controlador\Controlador.csproj", "{C28AC19C-E697-4114-9B6E-B22671195CBC}"
EndProject
Global
	GlobalSection(SolutionConfigurationPlatforms) = preSolution
		Debug|Any CPU = Debug|Any CPU
		Release|Any CPU = Release|Any CPU
	EndGlobalSection
	GlobalSection(ProjectConfigurationPlatforms) = postSolution
		{7ED08EA8-659E-46E3-B55A-91FCBF687F8E}.Debug|Any CPU.ActiveCfg = Debug|Any CPU
		{7ED08EA8-659E-46E3-B55A-91FCBF687F8E}.Debug|Any CPU.Build.0 = Debug|Any CPU
		{7ED08EA8-659E-46E3-B55A-91FCBF687F8E}.Release|Any CPU.ActiveCfg = Release|Any CPU
		{7ED08EA8-659E-46E3-B55A-91FCBF687F8E}.Release|Any CPU.Build.0 = Release|Any CPU
		{C3102571-C9BF-4E6D-8533-C97B91953562}.Debug|Any CPU.ActiveCfg = Debug|Any CPU
		{C3102571-C9BF-4E6D-8533-C97B91953562}.Debug|Any CPU.Build.0 = Debug|Any CPU
		{C3102571-C9BF-4E6D-8533-C97B91953562}.Release|Any CPU.ActiveCfg = Release|Any CPU
		{C3102571-C9BF-4E6D-8533-C97B91953562}.Release|Any CPU.Build.0 = Release|Any CPU
		{C28AC19C-E697-4114-9B6E-B22671195CBC}.Debug|Any CPU.ActiveCfg = Debug|Any CPU
		{C28AC19C-E697-4114-9B6E-B22671195CBC}.Debug|Any CPU.Build.0 = Debug|Any CPU
		{C28AC19C-E697-4114-9B6E-B22671195CBC}.Release|Any CPU.ActiveCfg = Release|Any CPU
		{C28AC19C-E697-4114-9B6E-B22671195CBC}.Release|Any CPU.Build.0 = Release|Any CPU
	EndGlobalSection
	GlobalSection(SolutionProperties) = preSolution
		HideSolutionNode = FALSE
	EndGlobalSection
	GlobalSection(ExtensibilityGlobals) = postSolution
		SolutionGuid = {6A7240EF-315E-433C-87A4-048BDB56CCC7}
	EndGlobalSection
EndGlobal
